
Microsoft Visual Studio Solution File, Format Version 12.00
# Visual Studio Version 16
VisualStudioVersion = 16.0.31605.320
MinimumVisualStudioVersion = 10.0.40219.1
Project("{9A19103F-16F7-4668-BE54-9A1E7A4F7556}") = "Locations.Front.Layer", "LACP.Api\Locations.Front.Layer.csproj", "{E03D4F9A-72A0-4B66-B30A-37101F50F954}"
EndProject
Project("{9A19103F-16F7-4668-BE54-9A1E7A4F7556}") = "LACP.Data", "LACP.Data\LACP.Data.csproj", "{75DEE8FB-9361-424E-A846-D997A94E301B}"
EndProject
Project("{9A19103F-16F7-4668-BE54-9A1E7A4F7556}") = "LACP.Models", "Locations.Models\LACP.Models.csproj", "{F1B82BE6-FAC9-4987-99E2-5ABDFD0675EF}"
EndProject
Project("{9A19103F-16F7-4668-BE54-9A1E7A4F7556}") = "LACP.Services", "LACP.Services\LACP.Services.csproj", "{4DEF3CA7-3FC0-4F7A-B09B-E35861837E5E}"
EndProject
Project("{9A19103F-16F7-4668-BE54-9A1E7A4F7556}") = "LACP.Test", "LACP.Test\LACP.Test.csproj", "{C2558376-52B6-4719-8354-7B13BB37C548}"
EndProject
Global
	GlobalSection(SolutionConfigurationPlatforms) = preSolution
		Debug|Any CPU = Debug|Any CPU
		Release|Any CPU = Release|Any CPU
	EndGlobalSection
	GlobalSection(ProjectConfigurationPlatforms) = postSolution
		{E03D4F9A-72A0-4B66-B30A-37101F50F954}.Debug|Any CPU.ActiveCfg = Debug|Any CPU
		{E03D4F9A-72A0-4B66-B30A-37101F50F954}.Debug|Any CPU.Build.0 = Debug|Any CPU
		{E03D4F9A-72A0-4B66-B30A-37101F50F954}.Release|Any CPU.ActiveCfg = Release|Any CPU
		{E03D4F9A-72A0-4B66-B30A-37101F50F954}.Release|Any CPU.Build.0 = Release|Any CPU
		{75DEE8FB-9361-424E-A846-D997A94E301B}.Debug|Any CPU.ActiveCfg = Debug|Any CPU
		{75DEE8FB-9361-424E-A846-D997A94E301B}.Debug|Any CPU.Build.0 = Debug|Any CPU
		{75DEE8FB-9361-424E-A846-D997A94E301B}.Release|Any CPU.ActiveCfg = Release|Any CPU
		{75DEE8FB-9361-424E-A846-D997A94E301B}.Release|Any CPU.Build.0 = Release|Any CPU
		{F1B82BE6-FAC9-4987-99E2-5ABDFD0675EF}.Debug|Any CPU.ActiveCfg = Debug|Any CPU
		{F1B82BE6-FAC9-4987-99E2-5ABDFD0675EF}.Debug|Any CPU.Build.0 = Debug|Any CPU
		{F1B82BE6-FAC9-4987-99E2-5ABDFD0675EF}.Release|Any CPU.ActiveCfg = Release|Any CPU
		{F1B82BE6-FAC9-4987-99E2-5ABDFD0675EF}.Release|Any CPU.Build.0 = Release|Any CPU
		{4DEF3CA7-3FC0-4F7A-B09B-E35861837E5E}.Debug|Any CPU.ActiveCfg = Debug|Any CPU
		{4DEF3CA7-3FC0-4F7A-B09B-E35861837E5E}.Debug|Any CPU.Build.0 = Debug|Any CPU
		{4DEF3CA7-3FC0-4F7A-B09B-E35861837E5E}.Release|Any CPU.ActiveCfg = Release|Any CPU
		{4DEF3CA7-3FC0-4F7A-B09B-E35861837E5E}.Release|Any CPU.Build.0 = Release|Any CPU
		{C2558376-52B6-4719-8354-7B13BB37C548}.Debug|Any CPU.ActiveCfg = Debug|Any CPU
		{C2558376-52B6-4719-8354-7B13BB37C548}.Debug|Any CPU.Build.0 = Debug|Any CPU
		{C2558376-52B6-4719-8354-7B13BB37C548}.Release|Any CPU.ActiveCfg = Release|Any CPU
		{C2558376-52B6-4719-8354-7B13BB37C548}.Release|Any CPU.Build.0 = Release|Any CPU
	EndGlobalSection
	GlobalSection(SolutionProperties) = preSolution
		HideSolutionNode = FALSE
	EndGlobalSection
	GlobalSection(ExtensibilityGlobals) = postSolution
		SolutionGuid = {17502965-2A62-4001-AB8C-3655E84AFFA7}
	EndGlobalSection
EndGlobal
